
Microsoft Visual Studio Solution File, Format Version 12.00
# Visual Studio 15
Project("{FAE04EC0-301F-11D3-BF4B-00C04F79EFBC}") = "tmarszalek", "tmarszalek\tmarszalek.csproj", "{D376A485-1A94-4AC4-8728-412948A94E3C}"
EndProject
Project("{FAE04EC0-301F-11D3-BF4B-00C04F79EFBC}") = "tmarszalek.Tests", "tmarszalek.Tests\tmarszalek.Tests.csproj", "{63F2E0DC-6557-447A-B3FC-5AC50BAE36A6}"
EndProject
Global
	GlobalSection(SolutionConfigurationPlatforms) = preSolution
		Debug|Any CPU = Debug|Any CPU
		Release|Any CPU = Release|Any CPU
	EndGlobalSection
	GlobalSection(ProjectConfigurationPlatforms) = postSolution
		{D376A485-1A94-4AC4-8728-412948A94E3C}.Debug|Any CPU.ActiveCfg = Debug|Any CPU
		{D376A485-1A94-4AC4-8728-412948A94E3C}.Debug|Any CPU.Build.0 = Debug|Any CPU
		{D376A485-1A94-4AC4-8728-412948A94E3C}.Release|Any CPU.ActiveCfg = Release|Any CPU
		{D376A485-1A94-4AC4-8728-412948A94E3C}.Release|Any CPU.Build.0 = Release|Any CPU
		{63F2E0DC-6557-447A-B3FC-5AC50BAE36A6}.Debug|Any CPU.ActiveCfg = Debug|Any CPU
		{63F2E0DC-6557-447A-B3FC-5AC50BAE36A6}.Debug|Any CPU.Build.0 = Debug|Any CPU
		{63F2E0DC-6557-447A-B3FC-5AC50BAE36A6}.Release|Any CPU.ActiveCfg = Release|Any CPU
		{63F2E0DC-6557-447A-B3FC-5AC50BAE36A6}.Release|Any CPU.Build.0 = Release|Any CPU
	EndGlobalSection
EndGlobal
